// !$*UTF8*$!
{
	archiveVersion = 1;
	classes = {
	};
	objectVersion = 56;
	objects = {

/* Begin PBXBuildFile section */
		25BA23982AA918C300E43918 /* ContriesAPIApp.swift in Sources */ = {isa = PBXBuildFile; fileRef = 25BA23972AA918C300E43918 /* ContriesAPIApp.swift */; };
		25BA239A2AA918C300E43918 /* CountriesListView.swift in Sources */ = {isa = PBXBuildFile; fileRef = 25BA23992AA918C300E43918 /* CountriesListView.swift */; };
		25BA239C2AA918C500E43918 /* Assets.xcassets in Resources */ = {isa = PBXBuildFile; fileRef = 25BA239B2AA918C500E43918 /* Assets.xcassets */; };
		25BA239F2AA918C500E43918 /* Preview Assets.xcassets in Resources */ = {isa = PBXBuildFile; fileRef = 25BA239E2AA918C500E43918 /* Preview Assets.xcassets */; };
		25BA23A92AA918C500E43918 /* ContriesAPITests.swift in Sources */ = {isa = PBXBuildFile; fileRef = 25BA23A82AA918C500E43918 /* ContriesAPITests.swift */; };
		25BA23B32AA918C500E43918 /* ContriesAPIUITests.swift in Sources */ = {isa = PBXBuildFile; fileRef = 25BA23B22AA918C500E43918 /* ContriesAPIUITests.swift */; };
		25BA23B52AA918C500E43918 /* ContriesAPIUITestsLaunchTests.swift in Sources */ = {isa = PBXBuildFile; fileRef = 25BA23B42AA918C500E43918 /* ContriesAPIUITestsLaunchTests.swift */; };
		493AA7882BE809690026136B /* CountryCellView.swift in Sources */ = {isa = PBXBuildFile; fileRef = 493AA7872BE809690026136B /* CountryCellView.swift */; };
		493AA78B2BE815120026136B /* View+Extensions.swift in Sources */ = {isa = PBXBuildFile; fileRef = 493AA78A2BE815120026136B /* View+Extensions.swift */; };
		493AA78D2BE81EE50026136B /* CountryCellField.swift in Sources */ = {isa = PBXBuildFile; fileRef = 493AA78C2BE81EE50026136B /* CountryCellField.swift */; };
		496BED662BEFA9CE009C1303 /* SavedListView.swift in Sources */ = {isa = PBXBuildFile; fileRef = 496BED652BEFA9CE009C1303 /* SavedListView.swift */; };
		4980B4862BE6CAB200AA0B25 /* CountryDetailView.swift in Sources */ = {isa = PBXBuildFile; fileRef = 4980B4852BE6CAB200AA0B25 /* CountryDetailView.swift */; };
		4980B4892BE6CADF00AA0B25 /* CountryAPIModel.swift in Sources */ = {isa = PBXBuildFile; fileRef = 4980B4882BE6CADF00AA0B25 /* CountryAPIModel.swift */; };
		4980B48B2BE6D2E600AA0B25 /* CountiesListViewModel.swift in Sources */ = {isa = PBXBuildFile; fileRef = 4980B48A2BE6D2E600AA0B25 /* CountiesListViewModel.swift */; };
		4980B48E2BE6E09800AA0B25 /* CountryService.swift in Sources */ = {isa = PBXBuildFile; fileRef = 4980B48D2BE6E09800AA0B25 /* CountryService.swift */; };
		4980B4912BE6E10700AA0B25 /* APIConstants.swift in Sources */ = {isa = PBXBuildFile; fileRef = 4980B4902BE6E10700AA0B25 /* APIConstants.swift */; };
		4980B4942BE6E17D00AA0B25 /* NetworkManager.swift in Sources */ = {isa = PBXBuildFile; fileRef = 4980B4932BE6E17D00AA0B25 /* NetworkManager.swift */; };
		49C07D4E2BEE5CC800D41377 /* ContainerView.swift in Sources */ = {isa = PBXBuildFile; fileRef = 49C07D4D2BEE5CC800D41377 /* ContainerView.swift */; };
		49C07D552BEE6DB000D41377 /* NavigationHandler.swift in Sources */ = {isa = PBXBuildFile; fileRef = 49C07D542BEE6DB000D41377 /* NavigationHandler.swift */; };
		49C07D592BEE7A8800D41377 /* UserDefaultsHelper.swift in Sources */ = {isa = PBXBuildFile; fileRef = 49C07D582BEE7A8800D41377 /* UserDefaultsHelper.swift */; };
/* End PBXBuildFile section */

/* Begin PBXContainerItemProxy section */
		25BA23A52AA918C500E43918 /* PBXContainerItemProxy */ = {
			isa = PBXContainerItemProxy;
			containerPortal = 25BA238C2AA918C300E43918 /* Project object */;
			proxyType = 1;
			remoteGlobalIDString = 25BA23932AA918C300E43918;
			remoteInfo = ContriesAPI;
		};
		25BA23AF2AA918C500E43918 /* PBXContainerItemProxy */ = {
			isa = PBXContainerItemProxy;
			containerPortal = 25BA238C2AA918C300E43918 /* Project object */;
			proxyType = 1;
			remoteGlobalIDString = 25BA23932AA918C300E43918;
			remoteInfo = ContriesAPI;
		};
/* End PBXContainerItemProxy section */

/* Begin PBXFileReference section */
		25BA23942AA918C300E43918 /* ContriesAPI.app */ = {isa = PBXFileReference; explicitFileType = wrapper.application; includeInIndex = 0; path = ContriesAPI.app; sourceTree = BUILT_PRODUCTS_DIR; };
		25BA23972AA918C300E43918 /* ContriesAPIApp.swift */ = {isa = PBXFileReference; lastKnownFileType = sourcecode.swift; path = ContriesAPIApp.swift; sourceTree = "<group>"; };
		25BA23992AA918C300E43918 /* CountriesListView.swift */ = {isa = PBXFileReference; lastKnownFileType = sourcecode.swift; path = CountriesListView.swift; sourceTree = "<group>"; };
		25BA239B2AA918C500E43918 /* Assets.xcassets */ = {isa = PBXFileReference; lastKnownFileType = folder.assetcatalog; path = Assets.xcassets; sourceTree = "<group>"; };
		25BA239E2AA918C500E43918 /* Preview Assets.xcassets */ = {isa = PBXFileReference; lastKnownFileType = folder.assetcatalog; path = "Preview Assets.xcassets"; sourceTree = "<group>"; };
		25BA23A42AA918C500E43918 /* ContriesAPITests.xctest */ = {isa = PBXFileReference; explicitFileType = wrapper.cfbundle; includeInIndex = 0; path = ContriesAPITests.xctest; sourceTree = BUILT_PRODUCTS_DIR; };
		25BA23A82AA918C500E43918 /* ContriesAPITests.swift */ = {isa = PBXFileReference; lastKnownFileType = sourcecode.swift; path = ContriesAPITests.swift; sourceTree = "<group>"; };
		25BA23AE2AA918C500E43918 /* ContriesAPIUITests.xctest */ = {isa = PBXFileReference; explicitFileType = wrapper.cfbundle; includeInIndex = 0; path = ContriesAPIUITests.xctest; sourceTree = BUILT_PRODUCTS_DIR; };
		25BA23B22AA918C500E43918 /* ContriesAPIUITests.swift */ = {isa = PBXFileReference; lastKnownFileType = sourcecode.swift; path = ContriesAPIUITests.swift; sourceTree = "<group>"; };
		25BA23B42AA918C500E43918 /* ContriesAPIUITestsLaunchTests.swift */ = {isa = PBXFileReference; lastKnownFileType = sourcecode.swift; path = ContriesAPIUITestsLaunchTests.swift; sourceTree = "<group>"; };
		493AA7872BE809690026136B /* CountryCellView.swift */ = {isa = PBXFileReference; lastKnownFileType = sourcecode.swift; path = CountryCellView.swift; sourceTree = "<group>"; };
		493AA78A2BE815120026136B /* View+Extensions.swift */ = {isa = PBXFileReference; lastKnownFileType = sourcecode.swift; path = "View+Extensions.swift"; sourceTree = "<group>"; };
		493AA78C2BE81EE50026136B /* CountryCellField.swift */ = {isa = PBXFileReference; lastKnownFileType = sourcecode.swift; path = CountryCellField.swift; sourceTree = "<group>"; };
		496BED652BEFA9CE009C1303 /* SavedListView.swift */ = {isa = PBXFileReference; lastKnownFileType = sourcecode.swift; path = SavedListView.swift; sourceTree = "<group>"; };
		4980B4852BE6CAB200AA0B25 /* CountryDetailView.swift */ = {isa = PBXFileReference; lastKnownFileType = sourcecode.swift; path = CountryDetailView.swift; sourceTree = "<group>"; };
		4980B4882BE6CADF00AA0B25 /* CountryAPIModel.swift */ = {isa = PBXFileReference; lastKnownFileType = sourcecode.swift; path = CountryAPIModel.swift; sourceTree = "<group>"; };
		4980B48A2BE6D2E600AA0B25 /* CountiesListViewModel.swift */ = {isa = PBXFileReference; lastKnownFileType = sourcecode.swift; path = CountiesListViewModel.swift; sourceTree = "<group>"; };
		4980B48D2BE6E09800AA0B25 /* CountryService.swift */ = {isa = PBXFileReference; lastKnownFileType = sourcecode.swift; path = CountryService.swift; sourceTree = "<group>"; };
		4980B4902BE6E10700AA0B25 /* APIConstants.swift */ = {isa = PBXFileReference; lastKnownFileType = sourcecode.swift; path = APIConstants.swift; sourceTree = "<group>"; };
		4980B4932BE6E17D00AA0B25 /* NetworkManager.swift */ = {isa = PBXFileReference; lastKnownFileType = sourcecode.swift; path = NetworkManager.swift; sourceTree = "<group>"; };
		49C07D4D2BEE5CC800D41377 /* ContainerView.swift */ = {isa = PBXFileReference; lastKnownFileType = sourcecode.swift; path = ContainerView.swift; sourceTree = "<group>"; };
		49C07D542BEE6DB000D41377 /* NavigationHandler.swift */ = {isa = PBXFileReference; lastKnownFileType = sourcecode.swift; path = NavigationHandler.swift; sourceTree = "<group>"; };
		49C07D582BEE7A8800D41377 /* UserDefaultsHelper.swift */ = {isa = PBXFileReference; lastKnownFileType = sourcecode.swift; path = UserDefaultsHelper.swift; sourceTree = "<group>"; };
/* End PBXFileReference section */

/* Begin PBXFrameworksBuildPhase section */
		25BA23912AA918C300E43918 /* Frameworks */ = {
			isa = PBXFrameworksBuildPhase;
			buildActionMask = 2147483647;
			files = (
			);
			runOnlyForDeploymentPostprocessing = 0;
		};
		25BA23A12AA918C500E43918 /* Frameworks */ = {
			isa = PBXFrameworksBuildPhase;
			buildActionMask = 2147483647;
			files = (
			);
			runOnlyForDeploymentPostprocessing = 0;
		};
		25BA23AB2AA918C500E43918 /* Frameworks */ = {
			isa = PBXFrameworksBuildPhase;
			buildActionMask = 2147483647;
			files = (
			);
			runOnlyForDeploymentPostprocessing = 0;
		};
/* End PBXFrameworksBuildPhase section */

/* Begin PBXGroup section */
		25BA238B2AA918C300E43918 = {
			isa = PBXGroup;
			children = (
				25BA23962AA918C300E43918 /* ContriesAPI */,
				25BA23A72AA918C500E43918 /* ContriesAPITests */,
				25BA23B12AA918C500E43918 /* ContriesAPIUITests */,
				25BA23952AA918C300E43918 /* Products */,
			);
			sourceTree = "<group>";
		};
		25BA23952AA918C300E43918 /* Products */ = {
			isa = PBXGroup;
			children = (
				25BA23942AA918C300E43918 /* ContriesAPI.app */,
				25BA23A42AA918C500E43918 /* ContriesAPITests.xctest */,
				25BA23AE2AA918C500E43918 /* ContriesAPIUITests.xctest */,
			);
			name = Products;
			sourceTree = "<group>";
		};
		25BA23962AA918C300E43918 /* ContriesAPI */ = {
			isa = PBXGroup;
			children = (
				25BA23C12AA918F100E43918 /* App */,
				4980B4922BE6E16E00AA0B25 /* Managers */,
				4980B48F2BE6E0F800AA0B25 /* Constants */,
				4980B48C2BE6E08600AA0B25 /* Services */,
				4980B4872BE6CAD300AA0B25 /* Models */,
				493AA7892BE815020026136B /* ViewModifiers */,
				25BA23C32AA9195000E43918 /* Views */,
				49C07D512BEE6D9A00D41377 /* Utils */,
				25BA239B2AA918C500E43918 /* Assets.xcassets */,
				25BA239D2AA918C500E43918 /* Preview Content */,
			);
			path = ContriesAPI;
			sourceTree = "<group>";
		};
		25BA239D2AA918C500E43918 /* Preview Content */ = {
			isa = PBXGroup;
			children = (
				25BA239E2AA918C500E43918 /* Preview Assets.xcassets */,
			);
			path = "Preview Content";
			sourceTree = "<group>";
		};
		25BA23A72AA918C500E43918 /* ContriesAPITests */ = {
			isa = PBXGroup;
			children = (
				25BA23A82AA918C500E43918 /* ContriesAPITests.swift */,
			);
			path = ContriesAPITests;
			sourceTree = "<group>";
		};
		25BA23B12AA918C500E43918 /* ContriesAPIUITests */ = {
			isa = PBXGroup;
			children = (
				25BA23B22AA918C500E43918 /* ContriesAPIUITests.swift */,
				25BA23B42AA918C500E43918 /* ContriesAPIUITestsLaunchTests.swift */,
			);
			path = ContriesAPIUITests;
			sourceTree = "<group>";
		};
		25BA23C12AA918F100E43918 /* App */ = {
			isa = PBXGroup;
			children = (
				25BA23972AA918C300E43918 /* ContriesAPIApp.swift */,
				49C07D4D2BEE5CC800D41377 /* ContainerView.swift */,
			);
			path = App;
			sourceTree = "<group>";
		};
		25BA23C22AA9193E00E43918 /* CountriesListView */ = {
			isa = PBXGroup;
			children = (
				25BA23992AA918C300E43918 /* CountriesListView.swift */,
				4980B48A2BE6D2E600AA0B25 /* CountiesListViewModel.swift */,
				496BED652BEFA9CE009C1303 /* SavedListView.swift */,
			);
			path = CountriesListView;
			sourceTree = "<group>";
		};
		25BA23C32AA9195000E43918 /* Views */ = {
			isa = PBXGroup;
			children = (
				493AA7862BE8095D0026136B /* CountryCell */,
				25BA23C62AA919D900E43918 /* CountryDetailView */,
				25BA23C22AA9193E00E43918 /* CountriesListView */,
			);
			path = Views;
			sourceTree = "<group>";
		};
		25BA23C62AA919D900E43918 /* CountryDetailView */ = {
			isa = PBXGroup;
			children = (
				4980B4852BE6CAB200AA0B25 /* CountryDetailView.swift */,
			);
			path = CountryDetailView;
			sourceTree = "<group>";
		};
		493AA7862BE8095D0026136B /* CountryCell */ = {
			isa = PBXGroup;
			children = (
				493AA7872BE809690026136B /* CountryCellView.swift */,
				493AA78C2BE81EE50026136B /* CountryCellField.swift */,
			);
			path = CountryCell;
			sourceTree = "<group>";
		};
		493AA7892BE815020026136B /* ViewModifiers */ = {
			isa = PBXGroup;
			children = (
				493AA78A2BE815120026136B /* View+Extensions.swift */,
			);
			path = ViewModifiers;
			sourceTree = "<group>";
		};
		4980B4872BE6CAD300AA0B25 /* Models */ = {
			isa = PBXGroup;
			children = (
				4980B4882BE6CADF00AA0B25 /* CountryAPIModel.swift */,
			);
			path = Models;
			sourceTree = "<group>";
		};
		4980B48C2BE6E08600AA0B25 /* Services */ = {
			isa = PBXGroup;
			children = (
				4980B48D2BE6E09800AA0B25 /* CountryService.swift */,
			);
			path = Services;
			sourceTree = "<group>";
		};
		4980B48F2BE6E0F800AA0B25 /* Constants */ = {
			isa = PBXGroup;
			children = (
				4980B4902BE6E10700AA0B25 /* APIConstants.swift */,
			);
			path = Constants;
			sourceTree = "<group>";
		};
		4980B4922BE6E16E00AA0B25 /* Managers */ = {
			isa = PBXGroup;
			children = (
				4980B4932BE6E17D00AA0B25 /* NetworkManager.swift */,
			);
			path = Managers;
			sourceTree = "<group>";
		};
		49C07D512BEE6D9A00D41377 /* Utils */ = {
			isa = PBXGroup;
			children = (
				49C07D542BEE6DB000D41377 /* NavigationHandler.swift */,
				49C07D582BEE7A8800D41377 /* UserDefaultsHelper.swift */,
			);
			path = Utils;
			sourceTree = "<group>";
		};
/* End PBXGroup section */

/* Begin PBXNativeTarget section */
		25BA23932AA918C300E43918 /* ContriesAPI */ = {
			isa = PBXNativeTarget;
			buildConfigurationList = 25BA23B82AA918C500E43918 /* Build configuration list for PBXNativeTarget "ContriesAPI" */;
			buildPhases = (
				25BA23902AA918C300E43918 /* Sources */,
				25BA23912AA918C300E43918 /* Frameworks */,
				25BA23922AA918C300E43918 /* Resources */,
			);
			buildRules = (
			);
			dependencies = (
			);
			name = ContriesAPI;
			productName = ContriesAPI;
			productReference = 25BA23942AA918C300E43918 /* ContriesAPI.app */;
			productType = "com.apple.product-type.application";
		};
		25BA23A32AA918C500E43918 /* ContriesAPITests */ = {
			isa = PBXNativeTarget;
			buildConfigurationList = 25BA23BB2AA918C500E43918 /* Build configuration list for PBXNativeTarget "ContriesAPITests" */;
			buildPhases = (
				25BA23A02AA918C500E43918 /* Sources */,
				25BA23A12AA918C500E43918 /* Frameworks */,
				25BA23A22AA918C500E43918 /* Resources */,
			);
			buildRules = (
			);
			dependencies = (
				25BA23A62AA918C500E43918 /* PBXTargetDependency */,
			);
			name = ContriesAPITests;
			productName = ContriesAPITests;
			productReference = 25BA23A42AA918C500E43918 /* ContriesAPITests.xctest */;
			productType = "com.apple.product-type.bundle.unit-test";
		};
		25BA23AD2AA918C500E43918 /* ContriesAPIUITests */ = {
			isa = PBXNativeTarget;
			buildConfigurationList = 25BA23BE2AA918C500E43918 /* Build configuration list for PBXNativeTarget "ContriesAPIUITests" */;
			buildPhases = (
				25BA23AA2AA918C500E43918 /* Sources */,
				25BA23AB2AA918C500E43918 /* Frameworks */,
				25BA23AC2AA918C500E43918 /* Resources */,
			);
			buildRules = (
			);
			dependencies = (
				25BA23B02AA918C500E43918 /* PBXTargetDependency */,
			);
			name = ContriesAPIUITests;
			productName = ContriesAPIUITests;
			productReference = 25BA23AE2AA918C500E43918 /* ContriesAPIUITests.xctest */;
			productType = "com.apple.product-type.bundle.ui-testing";
		};
/* End PBXNativeTarget section */

/* Begin PBXProject section */
		25BA238C2AA918C300E43918 /* Project object */ = {
			isa = PBXProject;
			attributes = {
				BuildIndependentTargetsInParallel = 1;
				LastSwiftUpdateCheck = 1430;
				LastUpgradeCheck = 1430;
				TargetAttributes = {
					25BA23932AA918C300E43918 = {
						CreatedOnToolsVersion = 14.3.1;
					};
					25BA23A32AA918C500E43918 = {
						CreatedOnToolsVersion = 14.3.1;
						TestTargetID = 25BA23932AA918C300E43918;
					};
					25BA23AD2AA918C500E43918 = {
						CreatedOnToolsVersion = 14.3.1;
						TestTargetID = 25BA23932AA918C300E43918;
					};
				};
			};
			buildConfigurationList = 25BA238F2AA918C300E43918 /* Build configuration list for PBXProject "ContriesAPI" */;
			compatibilityVersion = "Xcode 14.0";
			developmentRegion = en;
			hasScannedForEncodings = 0;
			knownRegions = (
				en,
				Base,
			);
			mainGroup = 25BA238B2AA918C300E43918;
			productRefGroup = 25BA23952AA918C300E43918 /* Products */;
			projectDirPath = "";
			projectRoot = "";
			targets = (
				25BA23932AA918C300E43918 /* ContriesAPI */,
				25BA23A32AA918C500E43918 /* ContriesAPITests */,
				25BA23AD2AA918C500E43918 /* ContriesAPIUITests */,
			);
		};
/* End PBXProject section */

/* Begin PBXResourcesBuildPhase section */
		25BA23922AA918C300E43918 /* Resources */ = {
			isa = PBXResourcesBuildPhase;
			buildActionMask = 2147483647;
			files = (
				25BA239F2AA918C500E43918 /* Preview Assets.xcassets in Resources */,
				25BA239C2AA918C500E43918 /* Assets.xcassets in Resources */,
			);
			runOnlyForDeploymentPostprocessing = 0;
		};
		25BA23A22AA918C500E43918 /* Resources */ = {
			isa = PBXResourcesBuildPhase;
			buildActionMask = 2147483647;
			files = (
			);
			runOnlyForDeploymentPostprocessing = 0;
		};
		25BA23AC2AA918C500E43918 /* Resources */ = {
			isa = PBXResourcesBuildPhase;
			buildActionMask = 2147483647;
			files = (
			);
			runOnlyForDeploymentPostprocessing = 0;
		};
/* End PBXResourcesBuildPhase section */

/* Begin PBXSourcesBuildPhase section */
		25BA23902AA918C300E43918 /* Sources */ = {
			isa = PBXSourcesBuildPhase;
			buildActionMask = 2147483647;
			files = (
				49C07D552BEE6DB000D41377 /* NavigationHandler.swift in Sources */,
				4980B48E2BE6E09800AA0B25 /* CountryService.swift in Sources */,
				4980B4912BE6E10700AA0B25 /* APIConstants.swift in Sources */,
				493AA78D2BE81EE50026136B /* CountryCellField.swift in Sources */,
				4980B4862BE6CAB200AA0B25 /* CountryDetailView.swift in Sources */,
				25BA239A2AA918C300E43918 /* CountriesListView.swift in Sources */,
				493AA7882BE809690026136B /* CountryCellView.swift in Sources */,
				493AA78B2BE815120026136B /* View+Extensions.swift in Sources */,
				496BED662BEFA9CE009C1303 /* SavedListView.swift in Sources */,
				49C07D592BEE7A8800D41377 /* UserDefaultsHelper.swift in Sources */,
				4980B4942BE6E17D00AA0B25 /* NetworkManager.swift in Sources */,
				49C07D4E2BEE5CC800D41377 /* ContainerView.swift in Sources */,
				4980B48B2BE6D2E600AA0B25 /* CountiesListViewModel.swift in Sources */,
				25BA23982AA918C300E43918 /* ContriesAPIApp.swift in Sources */,
				4980B4892BE6CADF00AA0B25 /* CountryAPIModel.swift in Sources */,
			);
			runOnlyForDeploymentPostprocessing = 0;
		};
		25BA23A02AA918C500E43918 /* Sources */ = {
			isa = PBXSourcesBuildPhase;
			buildActionMask = 2147483647;
			files = (
				25BA23A92AA918C500E43918 /* ContriesAPITests.swift in Sources */,
			);
			runOnlyForDeploymentPostprocessing = 0;
		};
		25BA23AA2AA918C500E43918 /* Sources */ = {
			isa = PBXSourcesBuildPhase;
			buildActionMask = 2147483647;
			files = (
				25BA23B52AA918C500E43918 /* ContriesAPIUITestsLaunchTests.swift in Sources */,
				25BA23B32AA918C500E43918 /* ContriesAPIUITests.swift in Sources */,
			);
			runOnlyForDeploymentPostprocessing = 0;
		};
/* End PBXSourcesBuildPhase section */

/* Begin PBXTargetDependency section */
		25BA23A62AA918C500E43918 /* PBXTargetDependency */ = {
			isa = PBXTargetDependency;
			target = 25BA23932AA918C300E43918 /* ContriesAPI */;
			targetProxy = 25BA23A52AA918C500E43918 /* PBXContainerItemProxy */;
		};
		25BA23B02AA918C500E43918 /* PBXTargetDependency */ = {
			isa = PBXTargetDependency;
			target = 25BA23932AA918C300E43918 /* ContriesAPI */;
			targetProxy = 25BA23AF2AA918C500E43918 /* PBXContainerItemProxy */;
		};
/* End PBXTargetDependency section */

/* Begin XCBuildConfiguration section */
		25BA23B62AA918C500E43918 /* Debug */ = {
			isa = XCBuildConfiguration;
			buildSettings = {
				ALWAYS_SEARCH_USER_PATHS = NO;
				CLANG_ANALYZER_NONNULL = YES;
				CLANG_ANALYZER_NUMBER_OBJECT_CONVERSION = YES_AGGRESSIVE;
				CLANG_CXX_LANGUAGE_STANDARD = "gnu++20";
				CLANG_ENABLE_MODULES = YES;
				CLANG_ENABLE_OBJC_ARC = YES;
				CLANG_ENABLE_OBJC_WEAK = YES;
				CLANG_WARN_BLOCK_CAPTURE_AUTORELEASING = YES;
				CLANG_WARN_BOOL_CONVERSION = YES;
				CLANG_WARN_COMMA = YES;
				CLANG_WARN_CONSTANT_CONVERSION = YES;
				CLANG_WARN_DEPRECATED_OBJC_IMPLEMENTATIONS = YES;
				CLANG_WARN_DIRECT_OBJC_ISA_USAGE = YES_ERROR;
				CLANG_WARN_DOCUMENTATION_COMMENTS = YES;
				CLANG_WARN_EMPTY_BODY = YES;
				CLANG_WARN_ENUM_CONVERSION = YES;
				CLANG_WARN_INFINITE_RECURSION = YES;
				CLANG_WARN_INT_CONVERSION = YES;
				CLANG_WARN_NON_LITERAL_NULL_CONVERSION = YES;
				CLANG_WARN_OBJC_IMPLICIT_RETAIN_SELF = YES;
				CLANG_WARN_OBJC_LITERAL_CONVERSION = YES;
				CLANG_WARN_OBJC_ROOT_CLASS = YES_ERROR;
				CLANG_WARN_QUOTED_INCLUDE_IN_FRAMEWORK_HEADER = YES;
				CLANG_WARN_RANGE_LOOP_ANALYSIS = YES;
				CLANG_WARN_STRICT_PROTOTYPES = YES;
				CLANG_WARN_SUSPICIOUS_MOVE = YES;
				CLANG_WARN_UNGUARDED_AVAILABILITY = YES_AGGRESSIVE;
				CLANG_WARN_UNREACHABLE_CODE = YES;
				CLANG_WARN__DUPLICATE_METHOD_MATCH = YES;
				COPY_PHASE_STRIP = NO;
				DEBUG_INFORMATION_FORMAT = dwarf;
				ENABLE_STRICT_OBJC_MSGSEND = YES;
				ENABLE_TESTABILITY = YES;
				GCC_C_LANGUAGE_STANDARD = gnu11;
				GCC_DYNAMIC_NO_PIC = NO;
				GCC_NO_COMMON_BLOCKS = YES;
				GCC_OPTIMIZATION_LEVEL = 0;
				GCC_PREPROCESSOR_DEFINITIONS = (
					"DEBUG=1",
					"$(inherited)",
				);
				GCC_WARN_64_TO_32_BIT_CONVERSION = YES;
				GCC_WARN_ABOUT_RETURN_TYPE = YES_ERROR;
				GCC_WARN_UNDECLARED_SELECTOR = YES;
				GCC_WARN_UNINITIALIZED_AUTOS = YES_AGGRESSIVE;
				GCC_WARN_UNUSED_FUNCTION = YES;
				GCC_WARN_UNUSED_VARIABLE = YES;
				IPHONEOS_DEPLOYMENT_TARGET = 16.4;
				MTL_ENABLE_DEBUG_INFO = INCLUDE_SOURCE;
				MTL_FAST_MATH = YES;
				ONLY_ACTIVE_ARCH = YES;
				SDKROOT = iphoneos;
				SWIFT_ACTIVE_COMPILATION_CONDITIONS = DEBUG;
				SWIFT_OPTIMIZATION_LEVEL = "-Onone";
			};
			name = Debug;
		};
		25BA23B72AA918C500E43918 /* Release */ = {
			isa = XCBuildConfiguration;
			buildSettings = {
				ALWAYS_SEARCH_USER_PATHS = NO;
				CLANG_ANALYZER_NONNULL = YES;
				CLANG_ANALYZER_NUMBER_OBJECT_CONVERSION = YES_AGGRESSIVE;
				CLANG_CXX_LANGUAGE_STANDARD = "gnu++20";
				CLANG_ENABLE_MODULES = YES;
				CLANG_ENABLE_OBJC_ARC = YES;
				CLANG_ENABLE_OBJC_WEAK = YES;
				CLANG_WARN_BLOCK_CAPTURE_AUTORELEASING = YES;
				CLANG_WARN_BOOL_CONVERSION = YES;
				CLANG_WARN_COMMA = YES;
				CLANG_WARN_CONSTANT_CONVERSION = YES;
				CLANG_WARN_DEPRECATED_OBJC_IMPLEMENTATIONS = YES;
				CLANG_WARN_DIRECT_OBJC_ISA_USAGE = YES_ERROR;
				CLANG_WARN_DOCUMENTATION_COMMENTS = YES;
				CLANG_WARN_EMPTY_BODY = YES;
				CLANG_WARN_ENUM_CONVERSION = YES;
				CLANG_WARN_INFINITE_RECURSION = YES;
				CLANG_WARN_INT_CONVERSION = YES;
				CLANG_WARN_NON_LITERAL_NULL_CONVERSION = YES;
				CLANG_WARN_OBJC_IMPLICIT_RETAIN_SELF = YES;
				CLANG_WARN_OBJC_LITERAL_CONVERSION = YES;
				CLANG_WARN_OBJC_ROOT_CLASS = YES_ERROR;
				CLANG_WARN_QUOTED_INCLUDE_IN_FRAMEWORK_HEADER = YES;
				CLANG_WARN_RANGE_LOOP_ANALYSIS = YES;
				CLANG_WARN_STRICT_PROTOTYPES = YES;
				CLANG_WARN_SUSPICIOUS_MOVE = YES;
				CLANG_WARN_UNGUARDED_AVAILABILITY = YES_AGGRESSIVE;
				CLANG_WARN_UNREACHABLE_CODE = YES;
				CLANG_WARN__DUPLICATE_METHOD_MATCH = YES;
				COPY_PHASE_STRIP = NO;
				DEBUG_INFORMATION_FORMAT = "dwarf-with-dsym";
				ENABLE_NS_ASSERTIONS = NO;
				ENABLE_STRICT_OBJC_MSGSEND = YES;
				GCC_C_LANGUAGE_STANDARD = gnu11;
				GCC_NO_COMMON_BLOCKS = YES;
				GCC_WARN_64_TO_32_BIT_CONVERSION = YES;
				GCC_WARN_ABOUT_RETURN_TYPE = YES_ERROR;
				GCC_WARN_UNDECLARED_SELECTOR = YES;
				GCC_WARN_UNINITIALIZED_AUTOS = YES_AGGRESSIVE;
				GCC_WARN_UNUSED_FUNCTION = YES;
				GCC_WARN_UNUSED_VARIABLE = YES;
				IPHONEOS_DEPLOYMENT_TARGET = 16.4;
				MTL_ENABLE_DEBUG_INFO = NO;
				MTL_FAST_MATH = YES;
				SDKROOT = iphoneos;
				SWIFT_COMPILATION_MODE = wholemodule;
				SWIFT_OPTIMIZATION_LEVEL = "-O";
				VALIDATE_PRODUCT = YES;
			};
			name = Release;
		};
		25BA23B92AA918C500E43918 /* Debug */ = {
			isa = XCBuildConfiguration;
			buildSettings = {
				ASSETCATALOG_COMPILER_APPICON_NAME = AppIcon;
				ASSETCATALOG_COMPILER_GLOBAL_ACCENT_COLOR_NAME = AccentColor;
				CODE_SIGN_STYLE = Automatic;
				CURRENT_PROJECT_VERSION = 1;
				DEVELOPMENT_ASSET_PATHS = "\"ContriesAPI/Preview Content\"";
				ENABLE_PREVIEWS = YES;
				GENERATE_INFOPLIST_FILE = YES;
				INFOPLIST_KEY_UIApplicationSceneManifest_Generation = YES;
				INFOPLIST_KEY_UIApplicationSupportsIndirectInputEvents = YES;
				INFOPLIST_KEY_UILaunchScreen_Generation = YES;
				INFOPLIST_KEY_UISupportedInterfaceOrientations_iPad = "UIInterfaceOrientationPortrait UIInterfaceOrientationPortraitUpsideDown UIInterfaceOrientationLandscapeLeft UIInterfaceOrientationLandscapeRight";
				INFOPLIST_KEY_UISupportedInterfaceOrientations_iPhone = "UIInterfaceOrientationPortrait UIInterfaceOrientationLandscapeLeft UIInterfaceOrientationLandscapeRight";
				LD_RUNPATH_SEARCH_PATHS = (
					"$(inherited)",
					"@executable_path/Frameworks",
				);
				MARKETING_VERSION = 1.0;
				PRODUCT_BUNDLE_IDENTIFIER = com.testCandidate.ios.ContriesAPI;
				PRODUCT_NAME = "$(TARGET_NAME)";
				SWIFT_EMIT_LOC_STRINGS = YES;
				SWIFT_VERSION = 5.0;
				TARGETED_DEVICE_FAMILY = "1,2";
			};
			name = Debug;
		};
		25BA23BA2AA918C500E43918 /* Release */ = {
			isa = XCBuildConfiguration;
			buildSettings = {
				ASSETCATALOG_COMPILER_APPICON_NAME = AppIcon;
				ASSETCATALOG_COMPILER_GLOBAL_ACCENT_COLOR_NAME = AccentColor;
				CODE_SIGN_STYLE = Automatic;
				CURRENT_PROJECT_VERSION = 1;
				DEVELOPMENT_ASSET_PATHS = "\"ContriesAPI/Preview Content\"";
				ENABLE_PREVIEWS = YES;
				GENERATE_INFOPLIST_FILE = YES;
				INFOPLIST_KEY_UIApplicationSceneManifest_Generation = YES;
				INFOPLIST_KEY_UIApplicationSupportsIndirectInputEvents = YES;
				INFOPLIST_KEY_UILaunchScreen_Generation = YES;
				INFOPLIST_KEY_UISupportedInterfaceOrientations_iPad = "UIInterfaceOrientationPortrait UIInterfaceOrientationPortraitUpsideDown UIInterfaceOrientationLandscapeLeft UIInterfaceOrientationLandscapeRight";
				INFOPLIST_KEY_UISupportedInterfaceOrientations_iPhone = "UIInterfaceOrientationPortrait UIInterfaceOrientationLandscapeLeft UIInterfaceOrientationLandscapeRight";
				LD_RUNPATH_SEARCH_PATHS = (
					"$(inherited)",
					"@executable_path/Frameworks",
				);
				MARKETING_VERSION = 1.0;
				PRODUCT_BUNDLE_IDENTIFIER = com.testCandidate.ios.ContriesAPI;
				PRODUCT_NAME = "$(TARGET_NAME)";
				SWIFT_EMIT_LOC_STRINGS = YES;
				SWIFT_VERSION = 5.0;
				TARGETED_DEVICE_FAMILY = "1,2";
			};
			name = Release;
		};
		25BA23BC2AA918C500E43918 /* Debug */ = {
			isa = XCBuildConfiguration;
			buildSettings = {
				ALWAYS_EMBED_SWIFT_STANDARD_LIBRARIES = YES;
				BUNDLE_LOADER = "$(TEST_HOST)";
				CODE_SIGN_STYLE = Automatic;
				CURRENT_PROJECT_VERSION = 1;
				GENERATE_INFOPLIST_FILE = YES;
				IPHONEOS_DEPLOYMENT_TARGET = 16.4;
				MARKETING_VERSION = 1.0;
				PRODUCT_BUNDLE_IDENTIFIER = com.testCandidate.ios.ContriesAPITests;
				PRODUCT_NAME = "$(TARGET_NAME)";
				SWIFT_EMIT_LOC_STRINGS = NO;
				SWIFT_VERSION = 5.0;
				TARGETED_DEVICE_FAMILY = "1,2";
				TEST_HOST = "$(BUILT_PRODUCTS_DIR)/ContriesAPI.app/$(BUNDLE_EXECUTABLE_FOLDER_PATH)/ContriesAPI";
			};
			name = Debug;
		};
		25BA23BD2AA918C500E43918 /* Release */ = {
			isa = XCBuildConfiguration;
			buildSettings = {
				ALWAYS_EMBED_SWIFT_STANDARD_LIBRARIES = YES;
				BUNDLE_LOADER = "$(TEST_HOST)";
				CODE_SIGN_STYLE = Automatic;
				CURRENT_PROJECT_VERSION = 1;
				GENERATE_INFOPLIST_FILE = YES;
				IPHONEOS_DEPLOYMENT_TARGET = 16.4;
				MARKETING_VERSION = 1.0;
				PRODUCT_BUNDLE_IDENTIFIER = com.testCandidate.ios.ContriesAPITests;
				PRODUCT_NAME = "$(TARGET_NAME)";
				SWIFT_EMIT_LOC_STRINGS = NO;
				SWIFT_VERSION = 5.0;
				TARGETED_DEVICE_FAMILY = "1,2";
				TEST_HOST = "$(BUILT_PRODUCTS_DIR)/ContriesAPI.app/$(BUNDLE_EXECUTABLE_FOLDER_PATH)/ContriesAPI";
			};
			name = Release;
		};
		25BA23BF2AA918C500E43918 /* Debug */ = {
			isa = XCBuildConfiguration;
			buildSettings = {
				ALWAYS_EMBED_SWIFT_STANDARD_LIBRARIES = YES;
				CODE_SIGN_STYLE = Automatic;
				CURRENT_PROJECT_VERSION = 1;
				GENERATE_INFOPLIST_FILE = YES;
				MARKETING_VERSION = 1.0;
				PRODUCT_BUNDLE_IDENTIFIER = com.testCandidate.ios.ContriesAPIUITests;
				PRODUCT_NAME = "$(TARGET_NAME)";
				SWIFT_EMIT_LOC_STRINGS = NO;
				SWIFT_VERSION = 5.0;
				TARGETED_DEVICE_FAMILY = "1,2";
				TEST_TARGET_NAME = ContriesAPI;
			};
			name = Debug;
		};
		25BA23C02AA918C500E43918 /* Release */ = {
			isa = XCBuildConfiguration;
			buildSettings = {
				ALWAYS_EMBED_SWIFT_STANDARD_LIBRARIES = YES;
				CODE_SIGN_STYLE = Automatic;
				CURRENT_PROJECT_VERSION = 1;
				GENERATE_INFOPLIST_FILE = YES;
				MARKETING_VERSION = 1.0;
				PRODUCT_BUNDLE_IDENTIFIER = com.testCandidate.ios.ContriesAPIUITests;
				PRODUCT_NAME = "$(TARGET_NAME)";
				SWIFT_EMIT_LOC_STRINGS = NO;
				SWIFT_VERSION = 5.0;
				TARGETED_DEVICE_FAMILY = "1,2";
				TEST_TARGET_NAME = ContriesAPI;
			};
			name = Release;
		};
/* End XCBuildConfiguration section */

/* Begin XCConfigurationList section */
		25BA238F2AA918C300E43918 /* Build configuration list for PBXProject "ContriesAPI" */ = {
			isa = XCConfigurationList;
			buildConfigurations = (
				25BA23B62AA918C500E43918 /* Debug */,
				25BA23B72AA918C500E43918 /* Release */,
			);
			defaultConfigurationIsVisible = 0;
			defaultConfigurationName = Release;
		};
		25BA23B82AA918C500E43918 /* Build configuration list for PBXNativeTarget "ContriesAPI" */ = {
			isa = XCConfigurationList;
			buildConfigurations = (
				25BA23B92AA918C500E43918 /* Debug */,
				25BA23BA2AA918C500E43918 /* Release */,
			);
			defaultConfigurationIsVisible = 0;
			defaultConfigurationName = Release;
		};
		25BA23BB2AA918C500E43918 /* Build configuration list for PBXNativeTarget "ContriesAPITests" */ = {
			isa = XCConfigurationList;
			buildConfigurations = (
				25BA23BC2AA918C500E43918 /* Debug */,
				25BA23BD2AA918C500E43918 /* Release */,
			);
			defaultConfigurationIsVisible = 0;
			defaultConfigurationName = Release;
		};
		25BA23BE2AA918C500E43918 /* Build configuration list for PBXNativeTarget "ContriesAPIUITests" */ = {
			isa = XCConfigurationList;
			buildConfigurations = (
				25BA23BF2AA918C500E43918 /* Debug */,
				25BA23C02AA918C500E43918 /* Release */,
			);
			defaultConfigurationIsVisible = 0;
			defaultConfigurationName = Release;
		};
/* End XCConfigurationList section */
	};
	rootObject = 25BA238C2AA918C300E43918 /* Project object */;
}
